
Microsoft Visual Studio Solution File, Format Version 12.00
# Visual Studio Version 16
VisualStudioVersion = 16.0.31410.357
MinimumVisualStudioVersion = 10.0.40219.1
Project("{FAE04EC0-301F-11D3-BF4B-00C04F79EFBC}") = "SimpleWordGame", "SimpleWordGame\SimpleWordGame.csproj", "{87FA8CD4-FAE4-4657-B814-08DC85A090AB}"
EndProject
Global
	GlobalSection(SolutionConfigurationPlatforms) = preSolution
		Debug|Any CPU = Debug|Any CPU
		Release|Any CPU = Release|Any CPU
	EndGlobalSection
	GlobalSection(ProjectConfigurationPlatforms) = postSolution
		{87FA8CD4-FAE4-4657-B814-08DC85A090AB}.Debug|Any CPU.ActiveCfg = Debug|Any CPU
		{87FA8CD4-FAE4-4657-B814-08DC85A090AB}.Debug|Any CPU.Build.0 = Debug|Any CPU
		{87FA8CD4-FAE4-4657-B814-08DC85A090AB}.Release|Any CPU.ActiveCfg = Release|Any CPU
		{87FA8CD4-FAE4-4657-B814-08DC85A090AB}.Release|Any CPU.Build.0 = Release|Any CPU
	EndGlobalSection
	GlobalSection(SolutionProperties) = preSolution
		HideSolutionNode = FALSE
	EndGlobalSection
	GlobalSection(ExtensibilityGlobals) = postSolution
		SolutionGuid = {C4C44293-8A87-4F60-8B9D-FD8220302723}
	EndGlobalSection
EndGlobal
